
Microsoft Visual Studio Solution File, Format Version 12.00
# Visual Studio Version 17
VisualStudioVersion = 17.4.33213.308
MinimumVisualStudioVersion = 10.0.40219.1
Project("{FAE04EC0-301F-11D3-BF4B-00C04F79EFBC}") = "TimerInventoryAPIWeb", "TimerInventoryAPIWeb\TimerInventoryAPIWeb.csproj", "{6CD4184C-A7D3-4385-B1E8-DF31CB9F61C2}"
EndProject
Project("{FAE04EC0-301F-11D3-BF4B-00C04F79EFBC}") = "Models", "Models\Models.csproj", "{1104F6A6-9E9F-46EA-A77D-F1CE98359FDA}"
EndProject
Project("{FAE04EC0-301F-11D3-BF4B-00C04F79EFBC}") = "Data", "Data\Data.csproj", "{E9D1160E-A910-4A9E-A4CD-39A5CF54E0F2}"
EndProject
Project("{FAE04EC0-301F-11D3-BF4B-00C04F79EFBC}") = "Logic", "Logic\Logic.csproj", "{6D01E975-AAAC-4590-970D-8B31E042C4D7}"
EndProject
Global
	GlobalSection(SolutionConfigurationPlatforms) = preSolution
		Debug|Any CPU = Debug|Any CPU
		Release|Any CPU = Release|Any CPU
	EndGlobalSection
	GlobalSection(ProjectConfigurationPlatforms) = postSolution
		{6CD4184C-A7D3-4385-B1E8-DF31CB9F61C2}.Debug|Any CPU.ActiveCfg = Debug|Any CPU
		{6CD4184C-A7D3-4385-B1E8-DF31CB9F61C2}.Debug|Any CPU.Build.0 = Debug|Any CPU
		{6CD4184C-A7D3-4385-B1E8-DF31CB9F61C2}.Release|Any CPU.ActiveCfg = Release|Any CPU
		{6CD4184C-A7D3-4385-B1E8-DF31CB9F61C2}.Release|Any CPU.Build.0 = Release|Any CPU
		{1104F6A6-9E9F-46EA-A77D-F1CE98359FDA}.Debug|Any CPU.ActiveCfg = Debug|Any CPU
		{1104F6A6-9E9F-46EA-A77D-F1CE98359FDA}.Debug|Any CPU.Build.0 = Debug|Any CPU
		{1104F6A6-9E9F-46EA-A77D-F1CE98359FDA}.Release|Any CPU.ActiveCfg = Release|Any CPU
		{1104F6A6-9E9F-46EA-A77D-F1CE98359FDA}.Release|Any CPU.Build.0 = Release|Any CPU
		{E9D1160E-A910-4A9E-A4CD-39A5CF54E0F2}.Debug|Any CPU.ActiveCfg = Debug|Any CPU
		{E9D1160E-A910-4A9E-A4CD-39A5CF54E0F2}.Debug|Any CPU.Build.0 = Debug|Any CPU
		{E9D1160E-A910-4A9E-A4CD-39A5CF54E0F2}.Release|Any CPU.ActiveCfg = Release|Any CPU
		{E9D1160E-A910-4A9E-A4CD-39A5CF54E0F2}.Release|Any CPU.Build.0 = Release|Any CPU
		{6D01E975-AAAC-4590-970D-8B31E042C4D7}.Debug|Any CPU.ActiveCfg = Debug|Any CPU
		{6D01E975-AAAC-4590-970D-8B31E042C4D7}.Debug|Any CPU.Build.0 = Debug|Any CPU
		{6D01E975-AAAC-4590-970D-8B31E042C4D7}.Release|Any CPU.ActiveCfg = Release|Any CPU
		{6D01E975-AAAC-4590-970D-8B31E042C4D7}.Release|Any CPU.Build.0 = Release|Any CPU
	EndGlobalSection
	GlobalSection(SolutionProperties) = preSolution
		HideSolutionNode = FALSE
	EndGlobalSection
	GlobalSection(ExtensibilityGlobals) = postSolution
		SolutionGuid = {AF81F406-A831-4D2A-926D-D622CBB48ABC}
	EndGlobalSection
EndGlobal
